
Microsoft Visual Studio Solution File, Format Version 12.00
# Visual Studio 15
VisualStudioVersion = 15.0.28010.0
MinimumVisualStudioVersion = 10.0.40219.1
Project("{FAE04EC0-301F-11D3-BF4B-00C04F79EFBC}") = "FCFF.PPG", "FCFF.PPG\FCFF.PPG.csproj", "{A9CBF434-F573-4819-A9D6-2A8F965645FF}"
EndProject
Project("{2150E333-8FDC-42A3-9474-1A3956D46DE8}") = "Entidades", "Entidades", "{AB1923A1-437E-4DFF-85E2-22E7A016E716}"
EndProject
Project("{FAE04EC0-301F-11D3-BF4B-00C04F79EFBC}") = "Entidades", "Entidades\Entidades.csproj", "{1B7DD2E4-2D9C-462F-B00D-AA77BE1EC8BC}"
EndProject
Global
	GlobalSection(SolutionConfigurationPlatforms) = preSolution
		Debug|Any CPU = Debug|Any CPU
		Release|Any CPU = Release|Any CPU
	EndGlobalSection
	GlobalSection(ProjectConfigurationPlatforms) = postSolution
		{A9CBF434-F573-4819-A9D6-2A8F965645FF}.Debug|Any CPU.ActiveCfg = Debug|Any CPU
		{A9CBF434-F573-4819-A9D6-2A8F965645FF}.Debug|Any CPU.Build.0 = Debug|Any CPU
		{A9CBF434-F573-4819-A9D6-2A8F965645FF}.Release|Any CPU.ActiveCfg = Release|Any CPU
		{A9CBF434-F573-4819-A9D6-2A8F965645FF}.Release|Any CPU.Build.0 = Release|Any CPU
		{1B7DD2E4-2D9C-462F-B00D-AA77BE1EC8BC}.Debug|Any CPU.ActiveCfg = Debug|Any CPU
		{1B7DD2E4-2D9C-462F-B00D-AA77BE1EC8BC}.Debug|Any CPU.Build.0 = Debug|Any CPU
		{1B7DD2E4-2D9C-462F-B00D-AA77BE1EC8BC}.Release|Any CPU.ActiveCfg = Release|Any CPU
		{1B7DD2E4-2D9C-462F-B00D-AA77BE1EC8BC}.Release|Any CPU.Build.0 = Release|Any CPU
	EndGlobalSection
	GlobalSection(SolutionProperties) = preSolution
		HideSolutionNode = FALSE
	EndGlobalSection
	GlobalSection(NestedProjects) = preSolution
		{1B7DD2E4-2D9C-462F-B00D-AA77BE1EC8BC} = {AB1923A1-437E-4DFF-85E2-22E7A016E716}
	EndGlobalSection
	GlobalSection(ExtensibilityGlobals) = postSolution
		SolutionGuid = {8068D2F5-BC3D-4B2A-983B-F615425E82AA}
	EndGlobalSection
EndGlobal
